
Microsoft Visual Studio Solution File, Format Version 12.00
# Visual Studio Version 16
VisualStudioVersion = 16.0.31702.278
MinimumVisualStudioVersion = 10.0.40219.1
Project("{FAE04EC0-301F-11D3-BF4B-00C04F79EFBC}") = "WpfApp2", "WpfApp2\WpfApp2.csproj", "{9E628839-F0DA-4205-9CA0-30F950576AFA}"
EndProject
Global
	GlobalSection(SolutionConfigurationPlatforms) = preSolution
		Debug|Any CPU = Debug|Any CPU
		Release|Any CPU = Release|Any CPU
	EndGlobalSection
	GlobalSection(ProjectConfigurationPlatforms) = postSolution
		{9E628839-F0DA-4205-9CA0-30F950576AFA}.Debug|Any CPU.ActiveCfg = Debug|Any CPU
		{9E628839-F0DA-4205-9CA0-30F950576AFA}.Debug|Any CPU.Build.0 = Debug|Any CPU
		{9E628839-F0DA-4205-9CA0-30F950576AFA}.Release|Any CPU.ActiveCfg = Release|Any CPU
		{9E628839-F0DA-4205-9CA0-30F950576AFA}.Release|Any CPU.Build.0 = Release|Any CPU
	EndGlobalSection
	GlobalSection(SolutionProperties) = preSolution
		HideSolutionNode = FALSE
	EndGlobalSection
	GlobalSection(ExtensibilityGlobals) = postSolution
		SolutionGuid = {463163AA-5CD5-4F7F-914E-C7FAFDCBD2CA}
	EndGlobalSection
EndGlobal
